{
  "name": "demo01",
  "version": "1.0.0",
  "lockfileVersion": 1,
  "requires": true,
  "dependencies": {
    "electron": {
      "version": "10.0.0",
      "resolved": "https://registry.npm.taobao.org/electron/download/electron-10.0.0.tgz",
      "dependencies": {
        "@electron/get": {
          "version": "https://registry.npm.taobao.org/@electron/get/download/@electron/get-1.12.2.tgz",
          "bundled": true,
          "dependencies": {
            "debug": {
              "version": "https://registry.npm.taobao.org/debug/download/debug-4.1.1.tgz?cache=0&sync_timestamp=1589891993007&other_urls=https%3A%2F%2Fregistry.npm.taobao.org%2Fdebug%2Fdownload%2Fdebug-4.1.1.tgz",
              "bundled": true
            },
            "env-paths": {
              "version": "https://registry.npm.taobao.org/env-paths/download/env-paths-2.2.0.tgz",
              "bundled": true
            },
            "fs-extra": {
              "version": "https://registry.npm.taobao.org/fs-extra/download/fs-extra-8.1.0.tgz?cache=0&sync_timestamp=1591229972229&other_urls=https%3A%2F%2Fregistry.npm.taobao.org%2Ffs-extra%2Fdownload%2Ffs-extra-8.1.0.tgz",
              "bundled": true
            },
            "global-agent": {
              "version": "https://registry.npm.taobao.org/global-agent/download/global-agent-2.1.12.tgz",
              "bundled": true
            },
            "global-tunnel-ng": {
              "version": "https://registry.npm.taobao.org/global-tunnel-ng/download/global-tunnel-ng-2.7.1.tgz",
              "bundled": true
            },
            "got": {
              "version": "https://registry.npm.taobao.org/got/download/got-9.6.0.tgz?cache=0&sync_timestamp=1596795486537&other_urls=https%3A%2F%2Fregistry.npm.taobao.org%2Fgot%2Fdownload%2Fgot-9.6.0.tgz",
              "bundled": true
            },
            "progress": {
              "version": "https://registry.npm.taobao.org/progress/download/progress-2.0.3.tgz",
              "bundled": true
            },
            "sanitize-filename": {
              "version": "https://registry.npm.taobao.org/sanitize-filename/download/sanitize-filename-1.6.3.tgz",
              "bundled": true
            },
            "sumchecker": {
              "version": "https://registry.npm.taobao.org/sumchecker/download/sumchecker-3.0.1.tgz",
              "bundled": true,
              "dependencies": {
                "debug": {
                  "version": "https://registry.npm.taobao.org/debug/download/debug-4.1.1.tgz?cache=0&sync_timestamp=1589891993007&other_urls=https%3A%2F%2Fregistry.npm.taobao.org%2Fdebug%2Fdownload%2Fdebug-4.1.1.tgz",
                  "bundled": true,
                  "dependencies": {
                    "ms": {
                      "version": "https://registry.npm.taobao.org/ms/download/ms-2.1.2.tgz",
                      "bundled": true
                    }
                  }
                }
              }
            }
          }
        },
        "@types/node": {
          "version": "https://registry.npm.taobao.org/@types/node/download/@types/node-12.12.54.tgz",
          "bundled": true
        },
        "extract-zip": {
          "version": "https://registry.npm.taobao.org/extract-zip/download/extract-zip-1.7.0.tgz?cache=0&sync_timestamp=1591773082587&other_urls=https%3A%2F%2Fregistry.npm.taobao.org%2Fextract-zip%2Fdownload%2Fextract-zip-1.7.0.tgz",
          "bundled": true
        }
      }
    }
  }
}
